
Microsoft Visual Studio Solution File, Format Version 12.00
# Visual Studio 14
VisualStudioVersion = 14.0.25420.1
MinimumVisualStudioVersion = 10.0.40219.1
Project("{FAE04EC0-301F-11D3-BF4B-00C04F79EFBC}") = "Weird.Droid", "Weird\Weird.Droid\Weird.Droid.csproj", "{D4E73FD6-5076-4C6C-8A0C-DFF13C532C3C}"
EndProject
Project("{FAE04EC0-301F-11D3-BF4B-00C04F79EFBC}") = "Weird.iOS", "Weird\Weird.iOS\Weird.iOS.csproj", "{6B11A052-5AE0-4639-9AE9-7CB8DF07D364}"
EndProject
Project("{FAE04EC0-301F-11D3-BF4B-00C04F79EFBC}") = "Weird", "Weird\Weird\Weird.csproj", "{4BF0220F-BD04-4EF2-9282-BA366A4E1870}"
EndProject
Project("{FAE04EC0-301F-11D3-BF4B-00C04F79EFBC}") = "Weird.BusinessLogicTests", "Weird.BusinessLogicTests\Weird.BusinessLogicTests.csproj", "{C3381FB7-BC04-42A4-823C-984D1FC0B33E}"
EndProject
Global
	GlobalSection(SolutionConfigurationPlatforms) = preSolution
		Ad-Hoc|Any CPU = Ad-Hoc|Any CPU
		Ad-Hoc|iPhone = Ad-Hoc|iPhone
		Ad-Hoc|iPhoneSimulator = Ad-Hoc|iPhoneSimulator
		AppStore|Any CPU = AppStore|Any CPU
		AppStore|iPhone = AppStore|iPhone
		AppStore|iPhoneSimulator = AppStore|iPhoneSimulator
		Debug|Any CPU = Debug|Any CPU
		Debug|iPhone = Debug|iPhone
		Debug|iPhoneSimulator = Debug|iPhoneSimulator
		Release|Any CPU = Release|Any CPU
		Release|iPhone = Release|iPhone
		Release|iPhoneSimulator = Release|iPhoneSimulator
	EndGlobalSection
	GlobalSection(ProjectConfigurationPlatforms) = postSolution
		{D4E73FD6-5076-4C6C-8A0C-DFF13C532C3C}.Ad-Hoc|Any CPU.ActiveCfg = Release|Any CPU
		{D4E73FD6-5076-4C6C-8A0C-DFF13C532C3C}.Ad-Hoc|Any CPU.Build.0 = Release|Any CPU
		{D4E73FD6-5076-4C6C-8A0C-DFF13C532C3C}.Ad-Hoc|Any CPU.Deploy.0 = Release|Any CPU
		{D4E73FD6-5076-4C6C-8A0C-DFF13C532C3C}.Ad-Hoc|iPhone.ActiveCfg = Release|Any CPU
		{D4E73FD6-5076-4C6C-8A0C-DFF13C532C3C}.Ad-Hoc|iPhone.Build.0 = Release|Any CPU
		{D4E73FD6-5076-4C6C-8A0C-DFF13C532C3C}.Ad-Hoc|iPhone.Deploy.0 = Release|Any CPU
		{D4E73FD6-5076-4C6C-8A0C-DFF13C532C3C}.Ad-Hoc|iPhoneSimulator.ActiveCfg = Release|Any CPU
		{D4E73FD6-5076-4C6C-8A0C-DFF13C532C3C}.Ad-Hoc|iPhoneSimulator.Build.0 = Release|Any CPU
		{D4E73FD6-5076-4C6C-8A0C-DFF13C532C3C}.Ad-Hoc|iPhoneSimulator.Deploy.0 = Release|Any CPU
		{D4E73FD6-5076-4C6C-8A0C-DFF13C532C3C}.AppStore|Any CPU.ActiveCfg = Release|Any CPU
		{D4E73FD6-5076-4C6C-8A0C-DFF13C532C3C}.AppStore|Any CPU.Build.0 = Release|Any CPU
		{D4E73FD6-5076-4C6C-8A0C-DFF13C532C3C}.AppStore|Any CPU.Deploy.0 = Release|Any CPU
		{D4E73FD6-5076-4C6C-8A0C-DFF13C532C3C}.AppStore|iPhone.ActiveCfg = Release|Any CPU
		{D4E73FD6-5076-4C6C-8A0C-DFF13C532C3C}.AppStore|iPhone.Build.0 = Release|Any CPU
		{D4E73FD6-5076-4C6C-8A0C-DFF13C532C3C}.AppStore|iPhone.Deploy.0 = Release|Any CPU
		{D4E73FD6-5076-4C6C-8A0C-DFF13C532C3C}.AppStore|iPhoneSimulator.ActiveCfg = Release|Any CPU
		{D4E73FD6-5076-4C6C-8A0C-DFF13C532C3C}.AppStore|iPhoneSimulator.Build.0 = Release|Any CPU
		{D4E73FD6-5076-4C6C-8A0C-DFF13C532C3C}.AppStore|iPhoneSimulator.Deploy.0 = Release|Any CPU
		{D4E73FD6-5076-4C6C-8A0C-DFF13C532C3C}.Debug|Any CPU.ActiveCfg = Debug|Any CPU
		{D4E73FD6-5076-4C6C-8A0C-DFF13C532C3C}.Debug|Any CPU.Build.0 = Debug|Any CPU
		{D4E73FD6-5076-4C6C-8A0C-DFF13C532C3C}.Debug|Any CPU.Deploy.0 = Debug|Any CPU
		{D4E73FD6-5076-4C6C-8A0C-DFF13C532C3C}.Debug|iPhone.ActiveCfg = Debug|Any CPU
		{D4E73FD6-5076-4C6C-8A0C-DFF13C532C3C}.Debug|iPhone.Build.0 = Debug|Any CPU
		{D4E73FD6-5076-4C6C-8A0C-DFF13C532C3C}.Debug|iPhone.Deploy.0 = Debug|Any CPU
		{D4E73FD6-5076-4C6C-8A0C-DFF13C532C3C}.Debug|iPhoneSimulator.ActiveCfg = Debug|Any CPU
		{D4E73FD6-5076-4C6C-8A0C-DFF13C532C3C}.Debug|iPhoneSimulator.Build.0 = Debug|Any CPU
		{D4E73FD6-5076-4C6C-8A0C-DFF13C532C3C}.Debug|iPhoneSimulator.Deploy.0 = Debug|Any CPU
		{D4E73FD6-5076-4C6C-8A0C-DFF13C532C3C}.Release|Any CPU.ActiveCfg = Release|Any CPU
		{D4E73FD6-5076-4C6C-8A0C-DFF13C532C3C}.Release|Any CPU.Build.0 = Release|Any CPU
		{D4E73FD6-5076-4C6C-8A0C-DFF13C532C3C}.Release|Any CPU.Deploy.0 = Release|Any CPU
		{D4E73FD6-5076-4C6C-8A0C-DFF13C532C3C}.Release|iPhone.ActiveCfg = Release|Any CPU
		{D4E73FD6-5076-4C6C-8A0C-DFF13C532C3C}.Release|iPhone.Build.0 = Release|Any CPU
		{D4E73FD6-5076-4C6C-8A0C-DFF13C532C3C}.Release|iPhone.Deploy.0 = Release|Any CPU
		{D4E73FD6-5076-4C6C-8A0C-DFF13C532C3C}.Release|iPhoneSimulator.ActiveCfg = Release|Any CPU
		{D4E73FD6-5076-4C6C-8A0C-DFF13C532C3C}.Release|iPhoneSimulator.Build.0 = Release|Any CPU
		{D4E73FD6-5076-4C6C-8A0C-DFF13C532C3C}.Release|iPhoneSimulator.Deploy.0 = Release|Any CPU
		{6B11A052-5AE0-4639-9AE9-7CB8DF07D364}.Ad-Hoc|Any CPU.ActiveCfg = Ad-Hoc|iPhone
		{6B11A052-5AE0-4639-9AE9-7CB8DF07D364}.Ad-Hoc|iPhone.ActiveCfg = Ad-Hoc|iPhone
		{6B11A052-5AE0-4639-9AE9-7CB8DF07D364}.Ad-Hoc|iPhone.Build.0 = Ad-Hoc|iPhone
		{6B11A052-5AE0-4639-9AE9-7CB8DF07D364}.Ad-Hoc|iPhoneSimulator.ActiveCfg = Ad-Hoc|iPhoneSimulator
		{6B11A052-5AE0-4639-9AE9-7CB8DF07D364}.Ad-Hoc|iPhoneSimulator.Build.0 = Ad-Hoc|iPhoneSimulator
		{6B11A052-5AE0-4639-9AE9-7CB8DF07D364}.AppStore|Any CPU.ActiveCfg = AppStore|iPhone
		{6B11A052-5AE0-4639-9AE9-7CB8DF07D364}.AppStore|iPhone.ActiveCfg = AppStore|iPhone
		{6B11A052-5AE0-4639-9AE9-7CB8DF07D364}.AppStore|iPhone.Build.0 = AppStore|iPhone
		{6B11A052-5AE0-4639-9AE9-7CB8DF07D364}.AppStore|iPhoneSimulator.ActiveCfg = AppStore|iPhoneSimulator
		{6B11A052-5AE0-4639-9AE9-7CB8DF07D364}.AppStore|iPhoneSimulator.Build.0 = AppStore|iPhoneSimulator
		{6B11A052-5AE0-4639-9AE9-7CB8DF07D364}.Debug|Any CPU.ActiveCfg = Debug|iPhone
		{6B11A052-5AE0-4639-9AE9-7CB8DF07D364}.Debug|iPhone.ActiveCfg = Debug|iPhone
		{6B11A052-5AE0-4639-9AE9-7CB8DF07D364}.Debug|iPhone.Build.0 = Debug|iPhone
		{6B11A052-5AE0-4639-9AE9-7CB8DF07D364}.Debug|iPhoneSimulator.ActiveCfg = Debug|iPhoneSimulator
		{6B11A052-5AE0-4639-9AE9-7CB8DF07D364}.Debug|iPhoneSimulator.Build.0 = Debug|iPhoneSimulator
		{6B11A052-5AE0-4639-9AE9-7CB8DF07D364}.Release|Any CPU.ActiveCfg = Release|iPhone
		{6B11A052-5AE0-4639-9AE9-7CB8DF07D364}.Release|iPhone.ActiveCfg = Release|iPhone
		{6B11A052-5AE0-4639-9AE9-7CB8DF07D364}.Release|iPhone.Build.0 = Release|iPhone
		{6B11A052-5AE0-4639-9AE9-7CB8DF07D364}.Release|iPhoneSimulator.ActiveCfg = Release|iPhoneSimulator
		{6B11A052-5AE0-4639-9AE9-7CB8DF07D364}.Release|iPhoneSimulator.Build.0 = Release|iPhoneSimulator
		{4BF0220F-BD04-4EF2-9282-BA366A4E1870}.Ad-Hoc|Any CPU.ActiveCfg = Release|Any CPU
		{4BF0220F-BD04-4EF2-9282-BA366A4E1870}.Ad-Hoc|Any CPU.Build.0 = Release|Any CPU
		{4BF0220F-BD04-4EF2-9282-BA366A4E1870}.Ad-Hoc|iPhone.ActiveCfg = Release|Any CPU
		{4BF0220F-BD04-4EF2-9282-BA366A4E1870}.Ad-Hoc|iPhone.Build.0 = Release|Any CPU
		{4BF0220F-BD04-4EF2-9282-BA366A4E1870}.Ad-Hoc|iPhoneSimulator.ActiveCfg = Release|Any CPU
		{4BF0220F-BD04-4EF2-9282-BA366A4E1870}.Ad-Hoc|iPhoneSimulator.Build.0 = Release|Any CPU
		{4BF0220F-BD04-4EF2-9282-BA366A4E1870}.AppStore|Any CPU.ActiveCfg = Release|Any CPU
		{4BF0220F-BD04-4EF2-9282-BA366A4E1870}.AppStore|Any CPU.Build.0 = Release|Any CPU
		{4BF0220F-BD04-4EF2-9282-BA366A4E1870}.AppStore|iPhone.ActiveCfg = Release|Any CPU
		{4BF0220F-BD04-4EF2-9282-BA366A4E1870}.AppStore|iPhone.Build.0 = Release|Any CPU
		{4BF0220F-BD04-4EF2-9282-BA366A4E1870}.AppStore|iPhoneSimulator.ActiveCfg = Release|Any CPU
		{4BF0220F-BD04-4EF2-9282-BA366A4E1870}.AppStore|iPhoneSimulator.Build.0 = Release|Any CPU
		{4BF0220F-BD04-4EF2-9282-BA366A4E1870}.Debug|Any CPU.ActiveCfg = Debug|Any CPU
		{4BF0220F-BD04-4EF2-9282-BA366A4E1870}.Debug|Any CPU.Build.0 = Debug|Any CPU
		{4BF0220F-BD04-4EF2-9282-BA366A4E1870}.Debug|iPhone.ActiveCfg = Debug|Any CPU
		{4BF0220F-BD04-4EF2-9282-BA366A4E1870}.Debug|iPhone.Build.0 = Debug|Any CPU
		{4BF0220F-BD04-4EF2-9282-BA366A4E1870}.Debug|iPhoneSimulator.ActiveCfg = Debug|Any CPU
		{4BF0220F-BD04-4EF2-9282-BA366A4E1870}.Debug|iPhoneSimulator.Build.0 = Debug|Any CPU
		{4BF0220F-BD04-4EF2-9282-BA366A4E1870}.Release|Any CPU.ActiveCfg = Release|Any CPU
		{4BF0220F-BD04-4EF2-9282-BA366A4E1870}.Release|Any CPU.Build.0 = Release|Any CPU
		{4BF0220F-BD04-4EF2-9282-BA366A4E1870}.Release|iPhone.ActiveCfg = Release|Any CPU
		{4BF0220F-BD04-4EF2-9282-BA366A4E1870}.Release|iPhone.Build.0 = Release|Any CPU
		{4BF0220F-BD04-4EF2-9282-BA366A4E1870}.Release|iPhoneSimulator.ActiveCfg = Release|Any CPU
		{4BF0220F-BD04-4EF2-9282-BA366A4E1870}.Release|iPhoneSimulator.Build.0 = Release|Any CPU
		{C3381FB7-BC04-42A4-823C-984D1FC0B33E}.Ad-Hoc|Any CPU.ActiveCfg = Release|Any CPU
		{C3381FB7-BC04-42A4-823C-984D1FC0B33E}.Ad-Hoc|Any CPU.Build.0 = Release|Any CPU
		{C3381FB7-BC04-42A4-823C-984D1FC0B33E}.Ad-Hoc|iPhone.ActiveCfg = Release|Any CPU
		{C3381FB7-BC04-42A4-823C-984D1FC0B33E}.Ad-Hoc|iPhone.Build.0 = Release|Any CPU
		{C3381FB7-BC04-42A4-823C-984D1FC0B33E}.Ad-Hoc|iPhoneSimulator.ActiveCfg = Release|Any CPU
		{C3381FB7-BC04-42A4-823C-984D1FC0B33E}.Ad-Hoc|iPhoneSimulator.Build.0 = Release|Any CPU
		{C3381FB7-BC04-42A4-823C-984D1FC0B33E}.AppStore|Any CPU.ActiveCfg = Release|Any CPU
		{C3381FB7-BC04-42A4-823C-984D1FC0B33E}.AppStore|Any CPU.Build.0 = Release|Any CPU
		{C3381FB7-BC04-42A4-823C-984D1FC0B33E}.AppStore|iPhone.ActiveCfg = Release|Any CPU
		{C3381FB7-BC04-42A4-823C-984D1FC0B33E}.AppStore|iPhone.Build.0 = Release|Any CPU
		{C3381FB7-BC04-42A4-823C-984D1FC0B33E}.AppStore|iPhoneSimulator.ActiveCfg = Release|Any CPU
		{C3381FB7-BC04-42A4-823C-984D1FC0B33E}.AppStore|iPhoneSimulator.Build.0 = Release|Any CPU
		{C3381FB7-BC04-42A4-823C-984D1FC0B33E}.Debug|Any CPU.ActiveCfg = Debug|Any CPU
		{C3381FB7-BC04-42A4-823C-984D1FC0B33E}.Debug|Any CPU.Build.0 = Debug|Any CPU
		{C3381FB7-BC04-42A4-823C-984D1FC0B33E}.Debug|iPhone.ActiveCfg = Debug|Any CPU
		{C3381FB7-BC04-42A4-823C-984D1FC0B33E}.Debug|iPhone.Build.0 = Debug|Any CPU
		{C3381FB7-BC04-42A4-823C-984D1FC0B33E}.Debug|iPhoneSimulator.ActiveCfg = Debug|Any CPU
		{C3381FB7-BC04-42A4-823C-984D1FC0B33E}.Debug|iPhoneSimulator.Build.0 = Debug|Any CPU
		{C3381FB7-BC04-42A4-823C-984D1FC0B33E}.Release|Any CPU.ActiveCfg = Release|Any CPU
		{C3381FB7-BC04-42A4-823C-984D1FC0B33E}.Release|Any CPU.Build.0 = Release|Any CPU
		{C3381FB7-BC04-42A4-823C-984D1FC0B33E}.Release|iPhone.ActiveCfg = Release|Any CPU
		{C3381FB7-BC04-42A4-823C-984D1FC0B33E}.Release|iPhone.Build.0 = Release|Any CPU
		{C3381FB7-BC04-42A4-823C-984D1FC0B33E}.Release|iPhoneSimulator.ActiveCfg = Release|Any CPU
		{C3381FB7-BC04-42A4-823C-984D1FC0B33E}.Release|iPhoneSimulator.Build.0 = Release|Any CPU
	EndGlobalSection
	GlobalSection(SolutionProperties) = preSolution
		HideSolutionNode = FALSE
	EndGlobalSection
EndGlobal
